
Microsoft Visual Studio Solution File, Format Version 12.00
# Visual Studio 15
VisualStudioVersion = 15.0.33801.198
MinimumVisualStudioVersion = 10.0.40219.1
Project("{FAE04EC0-301F-11D3-BF4B-00C04F79EFBC}") = "Punto_de_ventaMVC", "Punto_de_ventaMVC\Punto_de_ventaMVC.csproj", "{2B839162-DB66-45BB-AED8-2614C3B3D3EC}"
EndProject
Global
	GlobalSection(SolutionConfigurationPlatforms) = preSolution
		Debug|Any CPU = Debug|Any CPU
		Release|Any CPU = Release|Any CPU
	EndGlobalSection
	GlobalSection(ProjectConfigurationPlatforms) = postSolution
		{2B839162-DB66-45BB-AED8-2614C3B3D3EC}.Debug|Any CPU.ActiveCfg = Debug|Any CPU
		{2B839162-DB66-45BB-AED8-2614C3B3D3EC}.Debug|Any CPU.Build.0 = Debug|Any CPU
		{2B839162-DB66-45BB-AED8-2614C3B3D3EC}.Release|Any CPU.ActiveCfg = Release|Any CPU
		{2B839162-DB66-45BB-AED8-2614C3B3D3EC}.Release|Any CPU.Build.0 = Release|Any CPU
	EndGlobalSection
	GlobalSection(SolutionProperties) = preSolution
		HideSolutionNode = FALSE
	EndGlobalSection
	GlobalSection(ExtensibilityGlobals) = postSolution
		SolutionGuid = {DE4424AF-2B6D-422F-B89B-896749DF9273}
	EndGlobalSection
EndGlobal
